{
  "lockfileVersion": 2,
  "configVersion": 1,
  "workspaces": {
    "": {
      "name": "snypd",
      "devDependencies": {
        "@types/bun": "latest",
        "typescript": "^5.6.0",
      },
    },
    "packages/bench": {
      "name": "@snypd/bench",
      "version": "0.1.0",
      "dependencies": {
        "@snypd/render": "workspace:*",
        "@snypd/runtime": "workspace:*",
        "@snypd/spec": "workspace:*",
        "gpt-tokenizer": "^4.0.0",
      },
    },
    "packages/cli": {
      "name": "@snypd/cli",
      "version": "0.1.0",
    },
    "packages/core": {
      "name": "@snypd/core",
      "version": "0.1.0",
    },
    "packages/mcp": {
      "name": "@snypd/mcp",
      "version": "0.1.0",
      "dependencies": {
        "@snypd/spec": "workspace:*",
      },
    },
    "packages/render": {
      "name": "@snypd/render",
      "version": "0.1.0",
    },
    "packages/runtime": {
      "name": "@snypd/runtime",
      "version": "0.1.0",
    },
    "packages/spec": {
      "name": "@snypd/spec",
      "version": "0.1.0",
      "dependencies": {
        "yaml": "^2.9.0",
      },
    },
    "packages/viz": {
      "name": "@snypd/viz",
      "version": "0.1.0",
    },
    "themes/base": {
      "name": "@snypd/theme-base",
      "version": "0.1.0",
    },
    "themes/editorial": {
      "name": "@snypd/theme-editorial",
      "version": "0.1.0",
    },
  },
  "packages": {
    "@snypd/bench": ["@snypd/bench@workspace:packages/bench"],

    "@snypd/cli": ["@snypd/cli@workspace:packages/cli"],

    "@snypd/core": ["@snypd/core@workspace:packages/core"],

    "@snypd/mcp": ["@snypd/mcp@workspace:packages/mcp"],

    "@snypd/render": ["@snypd/render@workspace:packages/render"],

    "@snypd/runtime": ["@snypd/runtime@workspace:packages/runtime"],

    "@snypd/spec": ["@snypd/spec@workspace:packages/spec"],

    "@snypd/theme-base": ["@snypd/theme-base@workspace:themes/base"],

    "@snypd/theme-editorial": ["@snypd/theme-editorial@workspace:themes/editorial"],

    "@snypd/viz": ["@snypd/viz@workspace:packages/viz"],

    "@types/bun": ["@types/bun@1.4.0", "", { "dependencies": { "bun-types": "1.4.0" } }, "sha512-K+lZULY23vRgK/CfTjFIV+tyifaNdSMlPh9j+6mQ/cLfpOznLyAuzgV/JQysyECpkBQLVMSyvjlr2fBUSA9wFQ=="],

    "@types/node": ["@types/node@26.4.0", "", { "dependencies": { "undici-types": "~8.3.0" } }, "sha512-faiGnoIrLH/V8cibOMEAZ8pMw6oXqSukl29ra4mN8GdaB2ZewzeaLj+INpV5N+Z1eKWzY+IzaIZH2EIR6YZRNQ=="],

    "bun-types": ["bun-types@1.4.0", "", { "dependencies": { "@types/node": "*" } }, "sha512-iIKw23BspnQQYd3prITOBxeUsxBHnwzX6YJfGMuNOZzeNcMmVqzIIVGRm1l69ogaPQmb4wB6BN8mA5bE9YuC5Q=="],

    "gpt-tokenizer": ["gpt-tokenizer@4.0.0", "", {}, "sha512-YAWIyzvuVUHEfW7tFfFAxH8qQb+Q3RU9nYOTy7skMNX5qzU6Q8jxTHZLyO56ug1vYvCR7wndzpd3jwD86/mhjQ=="],

    "typescript": ["typescript@5.9.3", "", { "bin": { "tsc": "bin/tsc", "tsserver": "bin/tsserver" } }, "sha512-jl1vZzPDinLr9eUt3J/t7V6FgNEw9QjvBPdysz9KfQDD41fQrC2Y4vKQdiaUpFT4bXlb1RHhLpp8wtm6M5TgSw=="],

    "undici-types": ["undici-types@8.3.0", "", {}, "sha512-j375ScV60dom+YkPFIfTLcOiPxkN/buHz5GobjLhixFuANaNs3C9l4GmrWqejgXWJ7BbJcFYpTEUkS1Ge8bpZQ=="],

    "yaml": ["yaml@2.9.0", "", { "bin": { "yaml": "bin.mjs" } }, "sha512-2AvhNX3mb8zd6Zy7INTtSpl1F15HW6Wnqj0srWlkKLcpYl/gMIMJiyuGq2KeI2YFxUPjdlB+3Lc10seMLtL4cA=="],
  }
}
